// !$*UTF8*$!
{
	archiveVersion = 1;
	classes = {
	};
	objectVersion = 46;
	objects = {

/* Begin PBXBuildFile section */
		2D8D03F61AF49617000F8254 /* main.m in Sources */ = {isa = PBXBuildFile; fileRef = 2D8D03F51AF49617000F8254 /* main.m */; };
		2D8D03F91AF49617000F8254 /* AppDelegate.m in Sources */ = {isa = PBXBuildFile; fileRef = 2D8D03F81AF49617000F8254 /* AppDelegate.m */; };
		2D8D03FC1AF49617000F8254 /* ChecklistViewController.m in Sources */ = {isa = PBXBuildFile; fileRef = 2D8D03FB1AF49617000F8254 /* ChecklistViewController.m */; };
		2D8D03FF1AF49617000F8254 /* Main.storyboard in Resources */ = {isa = PBXBuildFile; fileRef = 2D8D03FD1AF49617000F8254 /* Main.storyboard */; };
		2D8D04011AF49617000F8254 /* Images.xcassets in Resources */ = {isa = PBXBuildFile; fileRef = 2D8D04001AF49617000F8254 /* Images.xcassets */; };
		2D8D04041AF49617000F8254 /* LaunchScreen.xib in Resources */ = {isa = PBXBuildFile; fileRef = 2D8D04021AF49617000F8254 /* LaunchScreen.xib */; };
		2D8D04101AF49617000F8254 /* MyChecklistsTests.m in Sources */ = {isa = PBXBuildFile; fileRef = 2D8D040F1AF49617000F8254 /* MyChecklistsTests.m */; };
		2D8D041B1AF4F1BC000F8254 /* ChecklistItem.m in Sources */ = {isa = PBXBuildFile; fileRef = 2D8D041A1AF4F1BC000F8254 /* ChecklistItem.m */; };
		2DD920891AF8B32100259E75 /* AllListsViewController.m in Sources */ = {isa = PBXBuildFile; fileRef = 2DD920881AF8B32100259E75 /* AllListsViewController.m */; };
		2DD9208C1AF8C1A500259E75 /* Checklist.m in Sources */ = {isa = PBXBuildFile; fileRef = 2DD9208B1AF8C1A500259E75 /* Checklist.m */; };
		2DD93EAD1AF9F38B00AD16EF /* ListDetailViewController.m in Sources */ = {isa = PBXBuildFile; fileRef = 2DD93EAC1AF9F38B00AD16EF /* ListDetailViewController.m */; };
		2DD93EB01AFA5AF900AD16EF /* DataModel.m in Sources */ = {isa = PBXBuildFile; fileRef = 2DD93EAF1AFA5AF900AD16EF /* DataModel.m */; };
		2DDCB13E1AF5FEA40059CEDB /* ItemDetailViewController.m in Sources */ = {isa = PBXBuildFile; fileRef = 2DDCB13D1AF5FEA40059CEDB /* ItemDetailViewController.m */; };
		2DE1613E1AFB999000BA60E6 /* IconPickerViewController.m in Sources */ = {isa = PBXBuildFile; fileRef = 2DE1613D1AFB999000BA60E6 /* IconPickerViewController.m */; };
/* End PBXBuildFile section */

/* Begin PBXContainerItemProxy section */
		2D8D040A1AF49617000F8254 /* PBXContainerItemProxy */ = {
			isa = PBXContainerItemProxy;
			containerPortal = 2D8D03E81AF49617000F8254 /* Project object */;
			proxyType = 1;
			remoteGlobalIDString = 2D8D03EF1AF49617000F8254;
			remoteInfo = MyChecklists;
		};
/* End PBXContainerItemProxy section */

/* Begin PBXFileReference section */
		2D8D03F01AF49617000F8254 /* MyChecklists.app */ = {isa = PBXFileReference; explicitFileType = wrapper.application; includeInIndex = 0; path = MyChecklists.app; sourceTree = BUILT_PRODUCTS_DIR; };
		2D8D03F41AF49617000F8254 /* Info.plist */ = {isa = PBXFileReference; lastKnownFileType = text.plist.xml; path = Info.plist; sourceTree = "<group>"; };
		2D8D03F51AF49617000F8254 /* main.m */ = {isa = PBXFileReference; lastKnownFileType = sourcecode.c.objc; path = main.m; sourceTree = "<group>"; };
		2D8D03F71AF49617000F8254 /* AppDelegate.h */ = {isa = PBXFileReference; lastKnownFileType = sourcecode.c.h; path = AppDelegate.h; sourceTree = "<group>"; };
		2D8D03F81AF49617000F8254 /* AppDelegate.m */ = {isa = PBXFileReference; lastKnownFileType = sourcecode.c.objc; path = AppDelegate.m; sourceTree = "<group>"; };
		2D8D03FA1AF49617000F8254 /* ChecklistViewController.h */ = {isa = PBXFileReference; lastKnownFileType = sourcecode.c.h; path = ChecklistViewController.h; sourceTree = "<group>"; };
		2D8D03FB1AF49617000F8254 /* ChecklistViewController.m */ = {isa = PBXFileReference; lastKnownFileType = sourcecode.c.objc; path = ChecklistViewController.m; sourceTree = "<group>"; };
		2D8D03FE1AF49617000F8254 /* Base */ = {isa = PBXFileReference; lastKnownFileType = file.storyboard; name = Base; path = Base.lproj/Main.storyboard; sourceTree = "<group>"; };
		2D8D04001AF49617000F8254 /* Images.xcassets */ = {isa = PBXFileReference; lastKnownFileType = folder.assetcatalog; path = Images.xcassets; sourceTree = "<group>"; };
		2D8D04031AF49617000F8254 /* Base */ = {isa = PBXFileReference; lastKnownFileType = file.xib; name = Base; path = Base.lproj/LaunchScreen.xib; sourceTree = "<group>"; };
		2D8D04091AF49617000F8254 /* MyChecklistsTests.xctest */ = {isa = PBXFileReference; explicitFileType = wrapper.cfbundle; includeInIndex = 0; path = MyChecklistsTests.xctest; sourceTree = BUILT_PRODUCTS_DIR; };
		2D8D040E1AF49617000F8254 /* Info.plist */ = {isa = PBXFileReference; lastKnownFileType = text.plist.xml; path = Info.plist; sourceTree = "<group>"; };
		2D8D040F1AF49617000F8254 /* MyChecklistsTests.m */ = {isa = PBXFileReference; lastKnownFileType = sourcecode.c.objc; path = MyChecklistsTests.m; sourceTree = "<group>"; };
		2D8D04191AF4F1BC000F8254 /* ChecklistItem.h */ = {isa = PBXFileReference; fileEncoding = 4; lastKnownFileType = sourcecode.c.h; path = ChecklistItem.h; sourceTree = "<group>"; };
		2D8D041A1AF4F1BC000F8254 /* ChecklistItem.m */ = {isa = PBXFileReference; fileEncoding = 4; lastKnownFileType = sourcecode.c.objc; path = ChecklistItem.m; sourceTree = "<group>"; };
		2DD920871AF8B32100259E75 /* AllListsViewController.h */ = {isa = PBXFileReference; fileEncoding = 4; lastKnownFileType = sourcecode.c.h; path = AllListsViewController.h; sourceTree = "<group>"; };
		2DD920881AF8B32100259E75 /* AllListsViewController.m */ = {isa = PBXFileReference; fileEncoding = 4; lastKnownFileType = sourcecode.c.objc; path = AllListsViewController.m; sourceTree = "<group>"; };
		2DD9208A1AF8C1A500259E75 /* Checklist.h */ = {isa = PBXFileReference; fileEncoding = 4; lastKnownFileType = sourcecode.c.h; path = Checklist.h; sourceTree = "<group>"; };
		2DD9208B1AF8C1A500259E75 /* Checklist.m */ = {isa = PBXFileReference; fileEncoding = 4; lastKnownFileType = sourcecode.c.objc; path = Checklist.m; sourceTree = "<group>"; };
		2DD93EAB1AF9F38B00AD16EF /* ListDetailViewController.h */ = {isa = PBXFileReference; fileEncoding = 4; lastKnownFileType = sourcecode.c.h; path = ListDetailViewController.h; sourceTree = "<group>"; };
		2DD93EAC1AF9F38B00AD16EF /* ListDetailViewController.m */ = {isa = PBXFileReference; fileEncoding = 4; lastKnownFileType = sourcecode.c.objc; path = ListDetailViewController.m; sourceTree = "<group>"; };
		2DD93EAE1AFA5AF900AD16EF /* DataModel.h */ = {isa = PBXFileReference; fileEncoding = 4; lastKnownFileType = sourcecode.c.h; path = DataModel.h; sourceTree = "<group>"; };
		2DD93EAF1AFA5AF900AD16EF /* DataModel.m */ = {isa = PBXFileReference; fileEncoding = 4; lastKnownFileType = sourcecode.c.objc; path = DataModel.m; sourceTree = "<group>"; };
		2DDCB13C1AF5FEA40059CEDB /* ItemDetailViewController.h */ = {isa = PBXFileReference; fileEncoding = 4; lastKnownFileType = sourcecode.c.h; path = ItemDetailViewController.h; sourceTree = "<group>"; };
		2DDCB13D1AF5FEA40059CEDB /* ItemDetailViewController.m */ = {isa = PBXFileReference; fileEncoding = 4; lastKnownFileType = sourcecode.c.objc; path = ItemDetailViewController.m; sourceTree = "<group>"; };
		2DE1613C1AFB999000BA60E6 /* IconPickerViewController.h */ = {isa = PBXFileReference; fileEncoding = 4; lastKnownFileType = sourcecode.c.h; path = IconPickerViewController.h; sourceTree = "<group>"; };
		2DE1613D1AFB999000BA60E6 /* IconPickerViewController.m */ = {isa = PBXFileReference; fileEncoding = 4; lastKnownFileType = sourcecode.c.objc; path = IconPickerViewController.m; sourceTree = "<group>"; };
/* End PBXFileReference section */

/* Begin PBXFrameworksBuildPhase section */
		2D8D03ED1AF49617000F8254 /* Frameworks */ = {
			isa = PBXFrameworksBuildPhase;
			buildActionMask = 2147483647;
			files = (
			);
			runOnlyForDeploymentPostprocessing = 0;
		};
		2D8D04061AF49617000F8254 /* Frameworks */ = {
			isa = PBXFrameworksBuildPhase;
			buildActionMask = 2147483647;
			files = (
			);
			runOnlyForDeploymentPostprocessing = 0;
		};
/* End PBXFrameworksBuildPhase section */

/* Begin PBXGroup section */
		2D8D03E71AF49617000F8254 = {
			isa = PBXGroup;
			children = (
				2D8D03F21AF49617000F8254 /* MyChecklists */,
				2D8D040C1AF49617000F8254 /* MyChecklistsTests */,
				2D8D03F11AF49617000F8254 /* Products */,
			);
			sourceTree = "<group>";
		};
		2D8D03F11AF49617000F8254 /* Products */ = {
			isa = PBXGroup;
			children = (
				2D8D03F01AF49617000F8254 /* MyChecklists.app */,
				2D8D04091AF49617000F8254 /* MyChecklistsTests.xctest */,
			);
			name = Products;
			sourceTree = "<group>";
		};
		2D8D03F21AF49617000F8254 /* MyChecklists */ = {
			isa = PBXGroup;
			children = (
				2D8D03F71AF49617000F8254 /* AppDelegate.h */,
				2D8D03F81AF49617000F8254 /* AppDelegate.m */,
				2D8D03FA1AF49617000F8254 /* ChecklistViewController.h */,
				2D8D03FB1AF49617000F8254 /* ChecklistViewController.m */,
				2D8D03FD1AF49617000F8254 /* Main.storyboard */,
				2D8D04001AF49617000F8254 /* Images.xcassets */,
				2D8D04021AF49617000F8254 /* LaunchScreen.xib */,
				2D8D03F31AF49617000F8254 /* Supporting Files */,
				2D8D04191AF4F1BC000F8254 /* ChecklistItem.h */,
				2D8D041A1AF4F1BC000F8254 /* ChecklistItem.m */,
				2DDCB13C1AF5FEA40059CEDB /* ItemDetailViewController.h */,
				2DDCB13D1AF5FEA40059CEDB /* ItemDetailViewController.m */,
				2DD920871AF8B32100259E75 /* AllListsViewController.h */,
				2DD920881AF8B32100259E75 /* AllListsViewController.m */,
				2DD9208A1AF8C1A500259E75 /* Checklist.h */,
				2DD9208B1AF8C1A500259E75 /* Checklist.m */,
				2DD93EAB1AF9F38B00AD16EF /* ListDetailViewController.h */,
				2DD93EAC1AF9F38B00AD16EF /* ListDetailViewController.m */,
				2DD93EAE1AFA5AF900AD16EF /* DataModel.h */,
				2DD93EAF1AFA5AF900AD16EF /* DataModel.m */,
				2DE1613C1AFB999000BA60E6 /* IconPickerViewController.h */,
				2DE1613D1AFB999000BA60E6 /* IconPickerViewController.m */,
			);
			path = MyChecklists;
			sourceTree = "<group>";
		};
		2D8D03F31AF49617000F8254 /* Supporting Files */ = {
			isa = PBXGroup;
			children = (
				2D8D03F41AF49617000F8254 /* Info.plist */,
				2D8D03F51AF49617000F8254 /* main.m */,
			);
			name = "Supporting Files";
			sourceTree = "<group>";
		};
		2D8D040C1AF49617000F8254 /* MyChecklistsTests */ = {
			isa = PBXGroup;
			children = (
				2D8D040F1AF49617000F8254 /* MyChecklistsTests.m */,
				2D8D040D1AF49617000F8254 /* Supporting Files */,
			);
			path = MyChecklistsTests;
			sourceTree = "<group>";
		};
		2D8D040D1AF49617000F8254 /* Supporting Files */ = {
			isa = PBXGroup;
			children = (
				2D8D040E1AF49617000F8254 /* Info.plist */,
			);
			name = "Supporting Files";
			sourceTree = "<group>";
		};
/* End PBXGroup section */

/* Begin PBXNativeTarget section */
		2D8D03EF1AF49617000F8254 /* MyChecklists */ = {
			isa = PBXNativeTarget;
			buildConfigurationList = 2D8D04131AF49617000F8254 /* Build configuration list for PBXNativeTarget "MyChecklists" */;
			buildPhases = (
				2D8D03EC1AF49617000F8254 /* Sources */,
				2D8D03ED1AF49617000F8254 /* Frameworks */,
				2D8D03EE1AF49617000F8254 /* Resources */,
			);
			buildRules = (
			);
			dependencies = (
			);
			name = MyChecklists;
			productName = MyChecklists;
			productReference = 2D8D03F01AF49617000F8254 /* MyChecklists.app */;
			productType = "com.apple.product-type.application";
		};
		2D8D04081AF49617000F8254 /* MyChecklistsTests */ = {
			isa = PBXNativeTarget;
			buildConfigurationList = 2D8D04161AF49617000F8254 /* Build configuration list for PBXNativeTarget "MyChecklistsTests" */;
			buildPhases = (
				2D8D04051AF49617000F8254 /* Sources */,
				2D8D04061AF49617000F8254 /* Frameworks */,
				2D8D04071AF49617000F8254 /* Resources */,
			);
			buildRules = (
			);
			dependencies = (
				2D8D040B1AF49617000F8254 /* PBXTargetDependency */,
			);
			name = MyChecklistsTests;
			productName = MyChecklistsTests;
			productReference = 2D8D04091AF49617000F8254 /* MyChecklistsTests.xctest */;
			productType = "com.apple.product-type.bundle.unit-test";
		};
/* End PBXNativeTarget section */

/* Begin PBXProject section */
		2D8D03E81AF49617000F8254 /* Project object */ = {
			isa = PBXProject;
			attributes = {
				LastUpgradeCheck = 0630;
				ORGANIZATIONNAME = "陈旭";
				TargetAttributes = {
					2D8D03EF1AF49617000F8254 = {
						CreatedOnToolsVersion = 6.3.1;
					};
					2D8D04081AF49617000F8254 = {
						CreatedOnToolsVersion = 6.3.1;
						TestTargetID = 2D8D03EF1AF49617000F8254;
					};
				};
			};
			buildConfigurationList = 2D8D03EB1AF49617000F8254 /* Build configuration list for PBXProject "MyChecklists" */;
			compatibilityVersion = "Xcode 3.2";
			developmentRegion = English;
			hasScannedForEncodings = 0;
			knownRegions = (
				en,
				Base,
			);
			mainGroup = 2D8D03E71AF49617000F8254;
			productRefGroup = 2D8D03F11AF49617000F8254 /* Products */;
			projectDirPath = "";
			projectRoot = "";
			targets = (
				2D8D03EF1AF49617000F8254 /* MyChecklists */,
				2D8D04081AF49617000F8254 /* MyChecklistsTests */,
			);
		};
/* End PBXProject section */

/* Begin PBXResourcesBuildPhase section */
		2D8D03EE1AF49617000F8254 /* Resources */ = {
			isa = PBXResourcesBuildPhase;
			buildActionMask = 2147483647;
			files = (
				2D8D03FF1AF49617000F8254 /* Main.storyboard in Resources */,
				2D8D04041AF49617000F8254 /* LaunchScreen.xib in Resources */,
				2D8D04011AF49617000F8254 /* Images.xcassets in Resources */,
			);
			runOnlyForDeploymentPostprocessing = 0;
		};
		2D8D04071AF49617000F8254 /* Resources */ = {
			isa = PBXResourcesBuildPhase;
			buildActionMask = 2147483647;
			files = (
			);
			runOnlyForDeploymentPostprocessing = 0;
		};
/* End PBXResourcesBuildPhase section */

/* Begin PBXSourcesBuildPhase section */
		2D8D03EC1AF49617000F8254 /* Sources */ = {
			isa = PBXSourcesBuildPhase;
			buildActionMask = 2147483647;
			files = (
				2D8D03FC1AF49617000F8254 /* ChecklistViewController.m in Sources */,
				2DE1613E1AFB999000BA60E6 /* IconPickerViewController.m in Sources */,
				2D8D03F91AF49617000F8254 /* AppDelegate.m in Sources */,
				2DD93EB01AFA5AF900AD16EF /* DataModel.m in Sources */,
				2DD920891AF8B32100259E75 /* AllListsViewController.m in Sources */,
				2DD93EAD1AF9F38B00AD16EF /* ListDetailViewController.m in Sources */,
				2D8D03F61AF49617000F8254 /* main.m in Sources */,
				2DDCB13E1AF5FEA40059CEDB /* ItemDetailViewController.m in Sources */,
				2D8D041B1AF4F1BC000F8254 /* ChecklistItem.m in Sources */,
				2DD9208C1AF8C1A500259E75 /* Checklist.m in Sources */,
			);
			runOnlyForDeploymentPostprocessing = 0;
		};
		2D8D04051AF49617000F8254 /* Sources */ = {
			isa = PBXSourcesBuildPhase;
			buildActionMask = 2147483647;
			files = (
				2D8D04101AF49617000F8254 /* MyChecklistsTests.m in Sources */,
			);
			runOnlyForDeploymentPostprocessing = 0;
		};
/* End PBXSourcesBuildPhase section */

/* Begin PBXTargetDependency section */
		2D8D040B1AF49617000F8254 /* PBXTargetDependency */ = {
			isa = PBXTargetDependency;
			target = 2D8D03EF1AF49617000F8254 /* MyChecklists */;
			targetProxy = 2D8D040A1AF49617000F8254 /* PBXContainerItemProxy */;
		};
/* End PBXTargetDependency section */

/* Begin PBXVariantGroup section */
		2D8D03FD1AF49617000F8254 /* Main.storyboard */ = {
			isa = PBXVariantGroup;
			children = (
				2D8D03FE1AF49617000F8254 /* Base */,
			);
			name = Main.storyboard;
			sourceTree = "<group>";
		};
		2D8D04021AF49617000F8254 /* LaunchScreen.xib */ = {
			isa = PBXVariantGroup;
			children = (
				2D8D04031AF49617000F8254 /* Base */,
			);
			name = LaunchScreen.xib;
			sourceTree = "<group>";
		};
/* End PBXVariantGroup section */

/* Begin XCBuildConfiguration section */
		2D8D04111AF49617000F8254 /* Debug */ = {
			isa = XCBuildConfiguration;
			buildSettings = {
				ALWAYS_SEARCH_USER_PATHS = NO;
				CLANG_CXX_LANGUAGE_STANDARD = "gnu++0x";
				CLANG_CXX_LIBRARY = "libc++";
				CLANG_ENABLE_MODULES = YES;
				CLANG_ENABLE_OBJC_ARC = YES;
				CLANG_WARN_BOOL_CONVERSION = YES;
				CLANG_WARN_CONSTANT_CONVERSION = YES;
				CLANG_WARN_DIRECT_OBJC_ISA_USAGE = YES_ERROR;
				CLANG_WARN_EMPTY_BODY = YES;
				CLANG_WARN_ENUM_CONVERSION = YES;
				CLANG_WARN_INT_CONVERSION = YES;
				CLANG_WARN_OBJC_ROOT_CLASS = YES_ERROR;
				CLANG_WARN_UNREACHABLE_CODE = YES;
				CLANG_WARN__DUPLICATE_METHOD_MATCH = YES;
				"CODE_SIGN_IDENTITY[sdk=iphoneos*]" = "iPhone Developer";
				COPY_PHASE_STRIP = NO;
				DEBUG_INFORMATION_FORMAT = "dwarf-with-dsym";
				ENABLE_STRICT_OBJC_MSGSEND = YES;
				GCC_C_LANGUAGE_STANDARD = gnu99;
				GCC_DYNAMIC_NO_PIC = NO;
				GCC_NO_COMMON_BLOCKS = YES;
				GCC_OPTIMIZATION_LEVEL = 0;
				GCC_PREPROCESSOR_DEFINITIONS = (
					"DEBUG=1",
					"$(inherited)",
				);
				GCC_SYMBOLS_PRIVATE_EXTERN = NO;
				GCC_WARN_64_TO_32_BIT_CONVERSION = YES;
				GCC_WARN_ABOUT_RETURN_TYPE = YES_ERROR;
				GCC_WARN_UNDECLARED_SELECTOR = YES;
				GCC_WARN_UNINITIALIZED_AUTOS = YES_AGGRESSIVE;
				GCC_WARN_UNUSED_FUNCTION = YES;
				GCC_WARN_UNUSED_VARIABLE = YES;
				IPHONEOS_DEPLOYMENT_TARGET = 8.3;
				MTL_ENABLE_DEBUG_INFO = YES;
				ONLY_ACTIVE_ARCH = YES;
				SDKROOT = iphoneos;
			};
			name = Debug;
		};
		2D8D04121AF49617000F8254 /* Release */ = {
			isa = XCBuildConfiguration;
			buildSettings = {
				ALWAYS_SEARCH_USER_PATHS = NO;
				CLANG_CXX_LANGUAGE_STANDARD = "gnu++0x";
				CLANG_CXX_LIBRARY = "libc++";
				CLANG_ENABLE_MODULES = YES;
				CLANG_ENABLE_OBJC_ARC = YES;
				CLANG_WARN_BOOL_CONVERSION = YES;
				CLANG_WARN_CONSTANT_CONVERSION = YES;
				CLANG_WARN_DIRECT_OBJC_ISA_USAGE = YES_ERROR;
				CLANG_WARN_EMPTY_BODY = YES;
				CLANG_WARN_ENUM_CONVERSION = YES;
				CLANG_WARN_INT_CONVERSION = YES;
				CLANG_WARN_OBJC_ROOT_CLASS = YES_ERROR;
				CLANG_WARN_UNREACHABLE_CODE = YES;
				CLANG_WARN__DUPLICATE_METHOD_MATCH = YES;
				"CODE_SIGN_IDENTITY[sdk=iphoneos*]" = "iPhone Developer";
				COPY_PHASE_STRIP = NO;
				DEBUG_INFORMATION_FORMAT = "dwarf-with-dsym";
				ENABLE_NS_ASSERTIONS = NO;
				ENABLE_STRICT_OBJC_MSGSEND = YES;
				GCC_C_LANGUAGE_STANDARD = gnu99;
				GCC_NO_COMMON_BLOCKS = YES;
				GCC_WARN_64_TO_32_BIT_CONVERSION = YES;
				GCC_WARN_ABOUT_RETURN_TYPE = YES_ERROR;
				GCC_WARN_UNDECLARED_SELECTOR = YES;
				GCC_WARN_UNINITIALIZED_AUTOS = YES_AGGRESSIVE;
				GCC_WARN_UNUSED_FUNCTION = YES;
				GCC_WARN_UNUSED_VARIABLE = YES;
				IPHONEOS_DEPLOYMENT_TARGET = 8.3;
				MTL_ENABLE_DEBUG_INFO = NO;
				SDKROOT = iphoneos;
				VALIDATE_PRODUCT = YES;
			};
			name = Release;
		};
		2D8D04141AF49617000F8254 /* Debug */ = {
			isa = XCBuildConfiguration;
			buildSettings = {
				ASSETCATALOG_COMPILER_APPICON_NAME = AppIcon;
				INFOPLIST_FILE = MyChecklists/Info.plist;
				LD_RUNPATH_SEARCH_PATHS = "$(inherited) @executable_path/Frameworks";
				PRODUCT_NAME = "$(TARGET_NAME)";
			};
			name = Debug;
		};
		2D8D04151AF49617000F8254 /* Release */ = {
			isa = XCBuildConfiguration;
			buildSettings = {
				ASSETCATALOG_COMPILER_APPICON_NAME = AppIcon;
				INFOPLIST_FILE = MyChecklists/Info.plist;
				LD_RUNPATH_SEARCH_PATHS = "$(inherited) @executable_path/Frameworks";
				PRODUCT_NAME = "$(TARGET_NAME)";
			};
			name = Release;
		};
		2D8D04171AF49617000F8254 /* Debug */ = {
			isa = XCBuildConfiguration;
			buildSettings = {
				BUNDLE_LOADER = "$(TEST_HOST)";
				FRAMEWORK_SEARCH_PATHS = (
					"$(SDKROOT)/Developer/Library/Frameworks",
					"$(inherited)",
				);
				GCC_PREPROCESSOR_DEFINITIONS = (
					"DEBUG=1",
					"$(inherited)",
				);
				INFOPLIST_FILE = MyChecklistsTests/Info.plist;
				LD_RUNPATH_SEARCH_PATHS = "$(inherited) @executable_path/Frameworks @loader_path/Frameworks";
				PRODUCT_NAME = "$(TARGET_NAME)";
				TEST_HOST = "$(BUILT_PRODUCTS_DIR)/MyChecklists.app/MyChecklists";
			};
			name = Debug;
		};
		2D8D04181AF49617000F8254 /* Release */ = {
			isa = XCBuildConfiguration;
			buildSettings = {
				BUNDLE_LOADER = "$(TEST_HOST)";
				FRAMEWORK_SEARCH_PATHS = (
					"$(SDKROOT)/Developer/Library/Frameworks",
					"$(inherited)",
				);
				INFOPLIST_FILE = MyChecklistsTests/Info.plist;
				LD_RUNPATH_SEARCH_PATHS = "$(inherited) @executable_path/Frameworks @loader_path/Frameworks";
				PRODUCT_NAME = "$(TARGET_NAME)";
				TEST_HOST = "$(BUILT_PRODUCTS_DIR)/MyChecklists.app/MyChecklists";
			};
			name = Release;
		};
/* End XCBuildConfiguration section */

/* Begin XCConfigurationList section */
		2D8D03EB1AF49617000F8254 /* Build configuration list for PBXProject "MyChecklists" */ = {
			isa = XCConfigurationList;
			buildConfigurations = (
				2D8D04111AF49617000F8254 /* Debug */,
				2D8D04121AF49617000F8254 /* Release */,
			);
			defaultConfigurationIsVisible = 0;
			defaultConfigurationName = Release;
		};
		2D8D04131AF49617000F8254 /* Build configuration list for PBXNativeTarget "MyChecklists" */ = {
			isa = XCConfigurationList;
			buildConfigurations = (
				2D8D04141AF49617000F8254 /* Debug */,
				2D8D04151AF49617000F8254 /* Release */,
			);
			defaultConfigurationIsVisible = 0;
			defaultConfigurationName = Release;
		};
		2D8D04161AF49617000F8254 /* Build configuration list for PBXNativeTarget "MyChecklistsTests" */ = {
			isa = XCConfigurationList;
			buildConfigurations = (
				2D8D04171AF49617000F8254 /* Debug */,
				2D8D04181AF49617000F8254 /* Release */,
			);
			defaultConfigurationIsVisible = 0;
			defaultConfigurationName = Release;
		};
/* End XCConfigurationList section */
	};
	rootObject = 2D8D03E81AF49617000F8254 /* Project object */;
}
